{
    "_readme": [
        "This file locks the dependencies of your project to a known state",
        "Read more about it at https://getcomposer.org/doc/01-basic-usage.md#installing-dependencies",
        "This file is @generated automatically"
    ],
    "content-hash": "eea56b5351ce6e8155aa21724008dc6e",
    "packages": [],
    "packages-dev": [],
    "aliases": [],
    "minimum-stability": "stable",
    "stability-flags": [],
    "prefer-stable": false,
    "prefer-lowest": false,
    "platform": {
        "php": "^8 || ^7.4",
        "composer-plugin-api": "^2",
        "composer-runtime-api": "^2.0"
    },
    "platform-dev": [],
    "platform-overrides": {
        "php": "7.4.7"
    },
    "plugin-api-version": "2.0.0"
}
